
Microsoft Visual Studio Solution File, Format Version 12.00
# Visual Studio 14
VisualStudioVersion = 14.0.22310.1
MinimumVisualStudioVersion = 10.0.40219.1
Project("{FAE04EC0-301F-11D3-BF4B-00C04F79EFBC}") = "Seneka.Ebdys.TesseractOCR", "Seneka.Ebdys.TesseractOCR\Seneka.Ebdys.TesseractOCR.csproj", "{AFC76605-2ED7-4AD5-9ADE-9AD1856C5A54}"
EndProject
Global
	GlobalSection(SolutionConfigurationPlatforms) = preSolution
		Debug|Any CPU = Debug|Any CPU
		Release|Any CPU = Release|Any CPU
	EndGlobalSection
	GlobalSection(ProjectConfigurationPlatforms) = postSolution
		{AFC76605-2ED7-4AD5-9ADE-9AD1856C5A54}.Debug|Any CPU.ActiveCfg = Debug|Any CPU
		{AFC76605-2ED7-4AD5-9ADE-9AD1856C5A54}.Debug|Any CPU.Build.0 = Debug|Any CPU
		{AFC76605-2ED7-4AD5-9ADE-9AD1856C5A54}.Release|Any CPU.ActiveCfg = Release|Any CPU
		{AFC76605-2ED7-4AD5-9ADE-9AD1856C5A54}.Release|Any CPU.Build.0 = Release|Any CPU
	EndGlobalSection
	GlobalSection(SolutionProperties) = preSolution
		HideSolutionNode = FALSE
	EndGlobalSection
EndGlobal
